
Microsoft Visual Studio Solution File, Format Version 12.00
# Visual Studio Version 17
VisualStudioVersion = 17.9.34622.214
MinimumVisualStudioVersion = 10.0.40219.1
Project("{FAE04EC0-301F-11D3-BF4B-00C04F79EFBC}") = "bai4", "bai4\bai4.csproj", "{43D39D14-BB91-4703-9029-6CB0C614EC49}"
EndProject
Global
	GlobalSection(SolutionConfigurationPlatforms) = preSolution
		Debug|Any CPU = Debug|Any CPU
		Release|Any CPU = Release|Any CPU
	EndGlobalSection
	GlobalSection(ProjectConfigurationPlatforms) = postSolution
		{43D39D14-BB91-4703-9029-6CB0C614EC49}.Debug|Any CPU.ActiveCfg = Debug|Any CPU
		{43D39D14-BB91-4703-9029-6CB0C614EC49}.Debug|Any CPU.Build.0 = Debug|Any CPU
		{43D39D14-BB91-4703-9029-6CB0C614EC49}.Release|Any CPU.ActiveCfg = Release|Any CPU
		{43D39D14-BB91-4703-9029-6CB0C614EC49}.Release|Any CPU.Build.0 = Release|Any CPU
	EndGlobalSection
	GlobalSection(SolutionProperties) = preSolution
		HideSolutionNode = FALSE
	EndGlobalSection
	GlobalSection(ExtensibilityGlobals) = postSolution
		SolutionGuid = {83EB4FE0-ECD3-4AEF-A55E-4B9AF428BDC0}
	EndGlobalSection
EndGlobal
